
Microsoft Visual Studio Solution File, Format Version 12.00
# Visual Studio 14
VisualStudioVersion = 14.0.25420.1
MinimumVisualStudioVersion = 10.0.40219.1
Project("{FAE04EC0-301F-11D3-BF4B-00C04F79EFBC}") = "TableIO", "TableIO\TableIO.csproj", "{AAF3B134-9271-4ACA-8CA4-D4BDB420839C}"
EndProject
Project("{FAE04EC0-301F-11D3-BF4B-00C04F79EFBC}") = "TableIO.Tests", "TableIO.Tests\TableIO.Tests.csproj", "{4B0AD9E6-05F0-4EBC-818F-0B67385127AE}"
EndProject
Project("{FAE04EC0-301F-11D3-BF4B-00C04F79EFBC}") = "TableIO.ClosedXml", "TableIO.ClosedXml\TableIO.ClosedXml.csproj", "{D79ACC4D-AD51-4C41-B1B2-1BC191323B6D}"
EndProject
Project("{FAE04EC0-301F-11D3-BF4B-00C04F79EFBC}") = "TableIO.ClosedXml.Tests", "TableIO.ClosedXml.Tests\TableIO.ClosedXml.Tests.csproj", "{F72D93F3-8C5C-4013-B881-E0A3F6D79D64}"
EndProject
Project("{FAE04EC0-301F-11D3-BF4B-00C04F79EFBC}") = "TableIO.PerfTests", "TableIO.PerfTests\TableIO.PerfTests.csproj", "{E6BE285B-2C79-4C60-894D-5EC2ED445E84}"
EndProject
Project("{FAE04EC0-301F-11D3-BF4B-00C04F79EFBC}") = "TableIO.NPOI", "TableIO.NPOI\TableIO.NPOI.csproj", "{41C28CA0-1B11-439F-A1AF-CA72D1271917}"
EndProject
Project("{FAE04EC0-301F-11D3-BF4B-00C04F79EFBC}") = "TableIO.NPOI.Tests", "TableIO.NPOI.Tests\TableIO.NPOI.Tests.csproj", "{F93A771A-B571-4BDE-AD45-9CFC0CE6D487}"
EndProject
Global
	GlobalSection(SolutionConfigurationPlatforms) = preSolution
		Debug|Any CPU = Debug|Any CPU
		Release|Any CPU = Release|Any CPU
	EndGlobalSection
	GlobalSection(ProjectConfigurationPlatforms) = postSolution
		{AAF3B134-9271-4ACA-8CA4-D4BDB420839C}.Debug|Any CPU.ActiveCfg = Debug|Any CPU
		{AAF3B134-9271-4ACA-8CA4-D4BDB420839C}.Debug|Any CPU.Build.0 = Debug|Any CPU
		{AAF3B134-9271-4ACA-8CA4-D4BDB420839C}.Release|Any CPU.ActiveCfg = Release|Any CPU
		{AAF3B134-9271-4ACA-8CA4-D4BDB420839C}.Release|Any CPU.Build.0 = Release|Any CPU
		{4B0AD9E6-05F0-4EBC-818F-0B67385127AE}.Debug|Any CPU.ActiveCfg = Debug|Any CPU
		{4B0AD9E6-05F0-4EBC-818F-0B67385127AE}.Debug|Any CPU.Build.0 = Debug|Any CPU
		{4B0AD9E6-05F0-4EBC-818F-0B67385127AE}.Release|Any CPU.ActiveCfg = Release|Any CPU
		{4B0AD9E6-05F0-4EBC-818F-0B67385127AE}.Release|Any CPU.Build.0 = Release|Any CPU
		{D79ACC4D-AD51-4C41-B1B2-1BC191323B6D}.Debug|Any CPU.ActiveCfg = Debug|Any CPU
		{D79ACC4D-AD51-4C41-B1B2-1BC191323B6D}.Debug|Any CPU.Build.0 = Debug|Any CPU
		{D79ACC4D-AD51-4C41-B1B2-1BC191323B6D}.Release|Any CPU.ActiveCfg = Release|Any CPU
		{D79ACC4D-AD51-4C41-B1B2-1BC191323B6D}.Release|Any CPU.Build.0 = Release|Any CPU
		{F72D93F3-8C5C-4013-B881-E0A3F6D79D64}.Debug|Any CPU.ActiveCfg = Debug|Any CPU
		{F72D93F3-8C5C-4013-B881-E0A3F6D79D64}.Debug|Any CPU.Build.0 = Debug|Any CPU
		{F72D93F3-8C5C-4013-B881-E0A3F6D79D64}.Release|Any CPU.ActiveCfg = Release|Any CPU
		{F72D93F3-8C5C-4013-B881-E0A3F6D79D64}.Release|Any CPU.Build.0 = Release|Any CPU
		{E6BE285B-2C79-4C60-894D-5EC2ED445E84}.Debug|Any CPU.ActiveCfg = Debug|Any CPU
		{E6BE285B-2C79-4C60-894D-5EC2ED445E84}.Debug|Any CPU.Build.0 = Debug|Any CPU
		{E6BE285B-2C79-4C60-894D-5EC2ED445E84}.Release|Any CPU.ActiveCfg = Release|Any CPU
		{E6BE285B-2C79-4C60-894D-5EC2ED445E84}.Release|Any CPU.Build.0 = Release|Any CPU
		{41C28CA0-1B11-439F-A1AF-CA72D1271917}.Debug|Any CPU.ActiveCfg = Debug|Any CPU
		{41C28CA0-1B11-439F-A1AF-CA72D1271917}.Debug|Any CPU.Build.0 = Debug|Any CPU
		{41C28CA0-1B11-439F-A1AF-CA72D1271917}.Release|Any CPU.ActiveCfg = Release|Any CPU
		{41C28CA0-1B11-439F-A1AF-CA72D1271917}.Release|Any CPU.Build.0 = Release|Any CPU
		{F93A771A-B571-4BDE-AD45-9CFC0CE6D487}.Debug|Any CPU.ActiveCfg = Debug|Any CPU
		{F93A771A-B571-4BDE-AD45-9CFC0CE6D487}.Debug|Any CPU.Build.0 = Debug|Any CPU
		{F93A771A-B571-4BDE-AD45-9CFC0CE6D487}.Release|Any CPU.ActiveCfg = Release|Any CPU
		{F93A771A-B571-4BDE-AD45-9CFC0CE6D487}.Release|Any CPU.Build.0 = Release|Any CPU
	EndGlobalSection
	GlobalSection(SolutionProperties) = preSolution
		HideSolutionNode = FALSE
	EndGlobalSection
EndGlobal
